{
  "object": {
    "pins": [
      {
        "package": "ElegantPages",
        "repositoryURL": "https://github.com/ThasianX/ElegantPages",
        "state": {
          "branch": "custom-width",
          "revision": "9c6066505607064ff32dcb7d4072306a59dbebe6",
          "version": null
        }
      }
    ]
  },
  "version": 1
}
