{
  "object": {
    "pins": [
      {
        "package": "ElegantPages",
        "repositoryURL": "https://github.com/ThasianX/ElegantPages",
        "state": {
          "branch": "custom-width",
          "revision": "a3478777a9420facc89986dffa287815e811ed93",
          "version": null
        }
      }
    ]
  },
  "version": 1
}
