{
  "object": {
    "pins": [
      {
        "package": "ElegantPages",
        "repositoryURL": "https://github.com/ThasianX/ElegantPages",
        "state": {
          "branch": "custom-width",
          "revision": "52c65b97628602855e13c62fb83e914510944ebb",
          "version": null
        }
      }
    ]
  },
  "version": 1
}
