{
  "object": {
    "pins": [
      {
        "package": "ElegantPages",
        "repositoryURL": "https://github.com/ThasianX/ElegantPages",
        "state": {
          "branch": "custom-width",
          "revision": "ee7d1ce53f2918e6f7c6d4798d22553ce6660217",
          "version": null
        }
      }
    ]
  },
  "version": 1
}
